// !$*UTF8*$!
{
	archiveVersion = 1;
	classes = {
	};
	objectVersion = 56;
	objects = {

/* Begin PBXBuildFile section */
		B84AFC5D29F8A32A0097E06A /* AddView.swift in Sources */ = {isa = PBXBuildFile; fileRef = B8D2006929F792760074410F /* AddView.swift */; };
		B84AFC5E29F8A32F0097E06A /* ListView.swift in Sources */ = {isa = PBXBuildFile; fileRef = B8D2006529F7868E0074410F /* ListView.swift */; };
		B8D2003B29F7801F0074410F /* CheckListApp.swift in Sources */ = {isa = PBXBuildFile; fileRef = B8D2003A29F7801F0074410F /* CheckListApp.swift */; };
		B8D2003F29F780200074410F /* Assets.xcassets in Resources */ = {isa = PBXBuildFile; fileRef = B8D2003E29F780200074410F /* Assets.xcassets */; };
		B8D2004229F780210074410F /* Preview Assets.xcassets in Resources */ = {isa = PBXBuildFile; fileRef = B8D2004129F780210074410F /* Preview Assets.xcassets */; };
		B8D2006829F7904B0074410F /* ListRowView.swift in Sources */ = {isa = PBXBuildFile; fileRef = B8D2006729F7904B0074410F /* ListRowView.swift */; };
		B8D2006E29F7A3030074410F /* ItemModel.swift in Sources */ = {isa = PBXBuildFile; fileRef = B8D2006D29F7A3030074410F /* ItemModel.swift */; };
		B8D2007129F7A62C0074410F /* ListViewModel.swift in Sources */ = {isa = PBXBuildFile; fileRef = B8D2007029F7A62C0074410F /* ListViewModel.swift */; };
/* End PBXBuildFile section */

/* Begin PBXContainerItemProxy section */
		B8D2004829F780220074410F /* PBXContainerItemProxy */ = {
			isa = PBXContainerItemProxy;
			containerPortal = B8D2002F29F7801F0074410F /* Project object */;
			proxyType = 1;
			remoteGlobalIDString = B8D2003629F7801F0074410F;
			remoteInfo = ToDoList;
		};
		B8D2005229F780220074410F /* PBXContainerItemProxy */ = {
			isa = PBXContainerItemProxy;
			containerPortal = B8D2002F29F7801F0074410F /* Project object */;
			proxyType = 1;
			remoteGlobalIDString = B8D2003629F7801F0074410F;
			remoteInfo = ToDoList;
		};
/* End PBXContainerItemProxy section */

/* Begin PBXFileReference section */
		B8D2003729F7801F0074410F /* CheckList.app */ = {isa = PBXFileReference; explicitFileType = wrapper.application; includeInIndex = 0; path = CheckList.app; sourceTree = BUILT_PRODUCTS_DIR; };
		B8D2003A29F7801F0074410F /* CheckListApp.swift */ = {isa = PBXFileReference; lastKnownFileType = sourcecode.swift; path = CheckListApp.swift; sourceTree = "<group>"; };
		B8D2003E29F780200074410F /* Assets.xcassets */ = {isa = PBXFileReference; lastKnownFileType = folder.assetcatalog; path = Assets.xcassets; sourceTree = "<group>"; };
		B8D2004129F780210074410F /* Preview Assets.xcassets */ = {isa = PBXFileReference; lastKnownFileType = folder.assetcatalog; path = "Preview Assets.xcassets"; sourceTree = "<group>"; };
		B8D2004729F780220074410F /* CheckListTests.xctest */ = {isa = PBXFileReference; explicitFileType = wrapper.cfbundle; includeInIndex = 0; path = CheckListTests.xctest; sourceTree = BUILT_PRODUCTS_DIR; };
		B8D2005129F780220074410F /* CheckListUITests.xctest */ = {isa = PBXFileReference; explicitFileType = wrapper.cfbundle; includeInIndex = 0; path = CheckListUITests.xctest; sourceTree = BUILT_PRODUCTS_DIR; };
		B8D2006529F7868E0074410F /* ListView.swift */ = {isa = PBXFileReference; lastKnownFileType = sourcecode.swift; path = ListView.swift; sourceTree = "<group>"; };
		B8D2006729F7904B0074410F /* ListRowView.swift */ = {isa = PBXFileReference; lastKnownFileType = sourcecode.swift; path = ListRowView.swift; sourceTree = "<group>"; };
		B8D2006929F792760074410F /* AddView.swift */ = {isa = PBXFileReference; lastKnownFileType = sourcecode.swift; path = AddView.swift; sourceTree = "<group>"; };
		B8D2006D29F7A3030074410F /* ItemModel.swift */ = {isa = PBXFileReference; lastKnownFileType = sourcecode.swift; path = ItemModel.swift; sourceTree = "<group>"; };
		B8D2007029F7A62C0074410F /* ListViewModel.swift */ = {isa = PBXFileReference; lastKnownFileType = sourcecode.swift; path = ListViewModel.swift; sourceTree = "<group>"; };
/* End PBXFileReference section */

/* Begin PBXFrameworksBuildPhase section */
		B8D2003429F7801F0074410F /* Frameworks */ = {
			isa = PBXFrameworksBuildPhase;
			buildActionMask = 2147483647;
			files = (
			);
			runOnlyForDeploymentPostprocessing = 0;
		};
		B8D2004429F780220074410F /* Frameworks */ = {
			isa = PBXFrameworksBuildPhase;
			buildActionMask = 2147483647;
			files = (
			);
			runOnlyForDeploymentPostprocessing = 0;
		};
		B8D2004E29F780220074410F /* Frameworks */ = {
			isa = PBXFrameworksBuildPhase;
			buildActionMask = 2147483647;
			files = (
			);
			runOnlyForDeploymentPostprocessing = 0;
		};
/* End PBXFrameworksBuildPhase section */

/* Begin PBXGroup section */
		B8D2002E29F7801F0074410F = {
			isa = PBXGroup;
			children = (
				B8D2003929F7801F0074410F /* CheckList */,
				B8D2003829F7801F0074410F /* Products */,
			);
			sourceTree = "<group>";
		};
		B8D2003829F7801F0074410F /* Products */ = {
			isa = PBXGroup;
			children = (
				B8D2003729F7801F0074410F /* CheckList.app */,
				B8D2004729F780220074410F /* CheckListTests.xctest */,
				B8D2005129F780220074410F /* CheckListUITests.xctest */,
			);
			name = Products;
			sourceTree = "<group>";
		};
		B8D2003929F7801F0074410F /* CheckList */ = {
			isa = PBXGroup;
			children = (
				B8D2006F29F7A5E70074410F /* ViewModels */,
				B8D2006C29F7A2E00074410F /* Models */,
				B8D2006429F786190074410F /* Views */,
				B8D2003A29F7801F0074410F /* CheckListApp.swift */,
				B8D2003E29F780200074410F /* Assets.xcassets */,
				B8D2004029F780210074410F /* Preview Content */,
			);
			path = CheckList;
			sourceTree = "<group>";
		};
		B8D2004029F780210074410F /* Preview Content */ = {
			isa = PBXGroup;
			children = (
				B8D2004129F780210074410F /* Preview Assets.xcassets */,
			);
			path = "Preview Content";
			sourceTree = "<group>";
		};
		B8D2006429F786190074410F /* Views */ = {
			isa = PBXGroup;
			children = (
				B8D2006529F7868E0074410F /* ListView.swift */,
				B8D2006729F7904B0074410F /* ListRowView.swift */,
				B8D2006929F792760074410F /* AddView.swift */,
			);
			path = Views;
			sourceTree = "<group>";
		};
		B8D2006C29F7A2E00074410F /* Models */ = {
			isa = PBXGroup;
			children = (
				B8D2006D29F7A3030074410F /* ItemModel.swift */,
			);
			path = Models;
			sourceTree = "<group>";
		};
		B8D2006F29F7A5E70074410F /* ViewModels */ = {
			isa = PBXGroup;
			children = (
				B8D2007029F7A62C0074410F /* ListViewModel.swift */,
			);
			path = ViewModels;
			sourceTree = "<group>";
		};
/* End PBXGroup section */

/* Begin PBXNativeTarget section */
		B8D2003629F7801F0074410F /* CheckList */ = {
			isa = PBXNativeTarget;
			buildConfigurationList = B8D2005B29F780220074410F /* Build configuration list for PBXNativeTarget "CheckList" */;
			buildPhases = (
				B8D2003329F7801F0074410F /* Sources */,
				B8D2003429F7801F0074410F /* Frameworks */,
				B8D2003529F7801F0074410F /* Resources */,
			);
			buildRules = (
			);
			dependencies = (
			);
			name = CheckList;
			productName = ToDoList;
			productReference = B8D2003729F7801F0074410F /* CheckList.app */;
			productType = "com.apple.product-type.application";
		};
		B8D2004629F780220074410F /* CheckListTests */ = {
			isa = PBXNativeTarget;
			buildConfigurationList = B8D2005E29F780220074410F /* Build configuration list for PBXNativeTarget "CheckListTests" */;
			buildPhases = (
				B8D2004329F780220074410F /* Sources */,
				B8D2004429F780220074410F /* Frameworks */,
				B8D2004529F780220074410F /* Resources */,
			);
			buildRules = (
			);
			dependencies = (
				B8D2004929F780220074410F /* PBXTargetDependency */,
			);
			name = CheckListTests;
			productName = ToDoListTests;
			productReference = B8D2004729F780220074410F /* CheckListTests.xctest */;
			productType = "com.apple.product-type.bundle.unit-test";
		};
		B8D2005029F780220074410F /* CheckListUITests */ = {
			isa = PBXNativeTarget;
			buildConfigurationList = B8D2006129F780220074410F /* Build configuration list for PBXNativeTarget "CheckListUITests" */;
			buildPhases = (
				B8D2004D29F780220074410F /* Sources */,
				B8D2004E29F780220074410F /* Frameworks */,
				B8D2004F29F780220074410F /* Resources */,
			);
			buildRules = (
			);
			dependencies = (
				B8D2005329F780220074410F /* PBXTargetDependency */,
			);
			name = CheckListUITests;
			productName = ToDoListUITests;
			productReference = B8D2005129F780220074410F /* CheckListUITests.xctest */;
			productType = "com.apple.product-type.bundle.ui-testing";
		};
/* End PBXNativeTarget section */

/* Begin PBXProject section */
		B8D2002F29F7801F0074410F /* Project object */ = {
			isa = PBXProject;
			attributes = {
				BuildIndependentTargetsInParallel = 1;
				LastSwiftUpdateCheck = 1420;
				LastUpgradeCheck = 1420;
				TargetAttributes = {
					B8D2003629F7801F0074410F = {
						CreatedOnToolsVersion = 14.2;
					};
					B8D2004629F780220074410F = {
						CreatedOnToolsVersion = 14.2;
						TestTargetID = B8D2003629F7801F0074410F;
					};
					B8D2005029F780220074410F = {
						CreatedOnToolsVersion = 14.2;
						TestTargetID = B8D2003629F7801F0074410F;
					};
				};
			};
			buildConfigurationList = B8D2003229F7801F0074410F /* Build configuration list for PBXProject "CheckList" */;
			compatibilityVersion = "Xcode 14.0";
			developmentRegion = en;
			hasScannedForEncodings = 0;
			knownRegions = (
				en,
				Base,
			);
			mainGroup = B8D2002E29F7801F0074410F;
			productRefGroup = B8D2003829F7801F0074410F /* Products */;
			projectDirPath = "";
			projectRoot = "";
			targets = (
				B8D2003629F7801F0074410F /* CheckList */,
				B8D2004629F780220074410F /* CheckListTests */,
				B8D2005029F780220074410F /* CheckListUITests */,
			);
		};
/* End PBXProject section */

/* Begin PBXResourcesBuildPhase section */
		B8D2003529F7801F0074410F /* Resources */ = {
			isa = PBXResourcesBuildPhase;
			buildActionMask = 2147483647;
			files = (
				B8D2004229F780210074410F /* Preview Assets.xcassets in Resources */,
				B8D2003F29F780200074410F /* Assets.xcassets in Resources */,
			);
			runOnlyForDeploymentPostprocessing = 0;
		};
		B8D2004529F780220074410F /* Resources */ = {
			isa = PBXResourcesBuildPhase;
			buildActionMask = 2147483647;
			files = (
			);
			runOnlyForDeploymentPostprocessing = 0;
		};
		B8D2004F29F780220074410F /* Resources */ = {
			isa = PBXResourcesBuildPhase;
			buildActionMask = 2147483647;
			files = (
			);
			runOnlyForDeploymentPostprocessing = 0;
		};
/* End PBXResourcesBuildPhase section */

/* Begin PBXSourcesBuildPhase section */
		B8D2003329F7801F0074410F /* Sources */ = {
			isa = PBXSourcesBuildPhase;
			buildActionMask = 2147483647;
			files = (
				B8D2006E29F7A3030074410F /* ItemModel.swift in Sources */,
				B8D2007129F7A62C0074410F /* ListViewModel.swift in Sources */,
				B84AFC5E29F8A32F0097E06A /* ListView.swift in Sources */,
				B84AFC5D29F8A32A0097E06A /* AddView.swift in Sources */,
				B8D2003B29F7801F0074410F /* CheckListApp.swift in Sources */,
				B8D2006829F7904B0074410F /* ListRowView.swift in Sources */,
			);
			runOnlyForDeploymentPostprocessing = 0;
		};
		B8D2004329F780220074410F /* Sources */ = {
			isa = PBXSourcesBuildPhase;
			buildActionMask = 2147483647;
			files = (
			);
			runOnlyForDeploymentPostprocessing = 0;
		};
		B8D2004D29F780220074410F /* Sources */ = {
			isa = PBXSourcesBuildPhase;
			buildActionMask = 2147483647;
			files = (
			);
			runOnlyForDeploymentPostprocessing = 0;
		};
/* End PBXSourcesBuildPhase section */

/* Begin PBXTargetDependency section */
		B8D2004929F780220074410F /* PBXTargetDependency */ = {
			isa = PBXTargetDependency;
			target = B8D2003629F7801F0074410F /* CheckList */;
			targetProxy = B8D2004829F780220074410F /* PBXContainerItemProxy */;
		};
		B8D2005329F780220074410F /* PBXTargetDependency */ = {
			isa = PBXTargetDependency;
			target = B8D2003629F7801F0074410F /* CheckList */;
			targetProxy = B8D2005229F780220074410F /* PBXContainerItemProxy */;
		};
/* End PBXTargetDependency section */

/* Begin XCBuildConfiguration section */
		B8D2005929F780220074410F /* Debug */ = {
			isa = XCBuildConfiguration;
			buildSettings = {
				ALWAYS_SEARCH_USER_PATHS = NO;
				CLANG_ANALYZER_NONNULL = YES;
				CLANG_ANALYZER_NUMBER_OBJECT_CONVERSION = YES_AGGRESSIVE;
				CLANG_CXX_LANGUAGE_STANDARD = "gnu++20";
				CLANG_ENABLE_MODULES = YES;
				CLANG_ENABLE_OBJC_ARC = YES;
				CLANG_ENABLE_OBJC_WEAK = YES;
				CLANG_WARN_BLOCK_CAPTURE_AUTORELEASING = YES;
				CLANG_WARN_BOOL_CONVERSION = YES;
				CLANG_WARN_COMMA = YES;
				CLANG_WARN_CONSTANT_CONVERSION = YES;
				CLANG_WARN_DEPRECATED_OBJC_IMPLEMENTATIONS = YES;
				CLANG_WARN_DIRECT_OBJC_ISA_USAGE = YES_ERROR;
				CLANG_WARN_DOCUMENTATION_COMMENTS = YES;
				CLANG_WARN_EMPTY_BODY = YES;
				CLANG_WARN_ENUM_CONVERSION = YES;
				CLANG_WARN_INFINITE_RECURSION = YES;
				CLANG_WARN_INT_CONVERSION = YES;
				CLANG_WARN_NON_LITERAL_NULL_CONVERSION = YES;
				CLANG_WARN_OBJC_IMPLICIT_RETAIN_SELF = YES;
				CLANG_WARN_OBJC_LITERAL_CONVERSION = YES;
				CLANG_WARN_OBJC_ROOT_CLASS = YES_ERROR;
				CLANG_WARN_QUOTED_INCLUDE_IN_FRAMEWORK_HEADER = YES;
				CLANG_WARN_RANGE_LOOP_ANALYSIS = YES;
				CLANG_WARN_STRICT_PROTOTYPES = YES;
				CLANG_WARN_SUSPICIOUS_MOVE = YES;
				CLANG_WARN_UNGUARDED_AVAILABILITY = YES_AGGRESSIVE;
				CLANG_WARN_UNREACHABLE_CODE = YES;
				CLANG_WARN__DUPLICATE_METHOD_MATCH = YES;
				COPY_PHASE_STRIP = NO;
				DEBUG_INFORMATION_FORMAT = dwarf;
				ENABLE_STRICT_OBJC_MSGSEND = YES;
				ENABLE_TESTABILITY = YES;
				GCC_C_LANGUAGE_STANDARD = gnu11;
				GCC_DYNAMIC_NO_PIC = NO;
				GCC_NO_COMMON_BLOCKS = YES;
				GCC_OPTIMIZATION_LEVEL = 0;
				GCC_PREPROCESSOR_DEFINITIONS = (
					"DEBUG=1",
					"$(inherited)",
				);
				GCC_WARN_64_TO_32_BIT_CONVERSION = YES;
				GCC_WARN_ABOUT_RETURN_TYPE = YES_ERROR;
				GCC_WARN_UNDECLARED_SELECTOR = YES;
				GCC_WARN_UNINITIALIZED_AUTOS = YES_AGGRESSIVE;
				GCC_WARN_UNUSED_FUNCTION = YES;
				GCC_WARN_UNUSED_VARIABLE = YES;
				IPHONEOS_DEPLOYMENT_TARGET = 16.2;
				MTL_ENABLE_DEBUG_INFO = INCLUDE_SOURCE;
				MTL_FAST_MATH = YES;
				ONLY_ACTIVE_ARCH = YES;
				SDKROOT = iphoneos;
				SWIFT_ACTIVE_COMPILATION_CONDITIONS = DEBUG;
				SWIFT_OPTIMIZATION_LEVEL = "-Onone";
			};
			name = Debug;
		};
		B8D2005A29F780220074410F /* Release */ = {
			isa = XCBuildConfiguration;
			buildSettings = {
				ALWAYS_SEARCH_USER_PATHS = NO;
				CLANG_ANALYZER_NONNULL = YES;
				CLANG_ANALYZER_NUMBER_OBJECT_CONVERSION = YES_AGGRESSIVE;
				CLANG_CXX_LANGUAGE_STANDARD = "gnu++20";
				CLANG_ENABLE_MODULES = YES;
				CLANG_ENABLE_OBJC_ARC = YES;
				CLANG_ENABLE_OBJC_WEAK = YES;
				CLANG_WARN_BLOCK_CAPTURE_AUTORELEASING = YES;
				CLANG_WARN_BOOL_CONVERSION = YES;
				CLANG_WARN_COMMA = YES;
				CLANG_WARN_CONSTANT_CONVERSION = YES;
				CLANG_WARN_DEPRECATED_OBJC_IMPLEMENTATIONS = YES;
				CLANG_WARN_DIRECT_OBJC_ISA_USAGE = YES_ERROR;
				CLANG_WARN_DOCUMENTATION_COMMENTS = YES;
				CLANG_WARN_EMPTY_BODY = YES;
				CLANG_WARN_ENUM_CONVERSION = YES;
				CLANG_WARN_INFINITE_RECURSION = YES;
				CLANG_WARN_INT_CONVERSION = YES;
				CLANG_WARN_NON_LITERAL_NULL_CONVERSION = YES;
				CLANG_WARN_OBJC_IMPLICIT_RETAIN_SELF = YES;
				CLANG_WARN_OBJC_LITERAL_CONVERSION = YES;
				CLANG_WARN_OBJC_ROOT_CLASS = YES_ERROR;
				CLANG_WARN_QUOTED_INCLUDE_IN_FRAMEWORK_HEADER = YES;
				CLANG_WARN_RANGE_LOOP_ANALYSIS = YES;
				CLANG_WARN_STRICT_PROTOTYPES = YES;
				CLANG_WARN_SUSPICIOUS_MOVE = YES;
				CLANG_WARN_UNGUARDED_AVAILABILITY = YES_AGGRESSIVE;
				CLANG_WARN_UNREACHABLE_CODE = YES;
				CLANG_WARN__DUPLICATE_METHOD_MATCH = YES;
				COPY_PHASE_STRIP = NO;
				DEBUG_INFORMATION_FORMAT = "dwarf-with-dsym";
				ENABLE_NS_ASSERTIONS = NO;
				ENABLE_STRICT_OBJC_MSGSEND = YES;
				GCC_C_LANGUAGE_STANDARD = gnu11;
				GCC_NO_COMMON_BLOCKS = YES;
				GCC_WARN_64_TO_32_BIT_CONVERSION = YES;
				GCC_WARN_ABOUT_RETURN_TYPE = YES_ERROR;
				GCC_WARN_UNDECLARED_SELECTOR = YES;
				GCC_WARN_UNINITIALIZED_AUTOS = YES_AGGRESSIVE;
				GCC_WARN_UNUSED_FUNCTION = YES;
				GCC_WARN_UNUSED_VARIABLE = YES;
				IPHONEOS_DEPLOYMENT_TARGET = 16.2;
				MTL_ENABLE_DEBUG_INFO = NO;
				MTL_FAST_MATH = YES;
				SDKROOT = iphoneos;
				SWIFT_COMPILATION_MODE = wholemodule;
				SWIFT_OPTIMIZATION_LEVEL = "-O";
				VALIDATE_PRODUCT = YES;
			};
			name = Release;
		};
		B8D2005C29F780220074410F /* Debug */ = {
			isa = XCBuildConfiguration;
			buildSettings = {
				ASSETCATALOG_COMPILER_APPICON_NAME = AppIcon;
				ASSETCATALOG_COMPILER_GLOBAL_ACCENT_COLOR_NAME = AccentColor;
				CODE_SIGN_STYLE = Automatic;
				CURRENT_PROJECT_VERSION = 1;
				DEVELOPMENT_ASSET_PATHS = "\"CheckList/Preview Content\"";
				ENABLE_PREVIEWS = YES;
				GENERATE_INFOPLIST_FILE = YES;
				INFOPLIST_KEY_UIApplicationSceneManifest_Generation = YES;
				INFOPLIST_KEY_UIApplicationSupportsIndirectInputEvents = YES;
				INFOPLIST_KEY_UILaunchScreen_Generation = YES;
				INFOPLIST_KEY_UISupportedInterfaceOrientations_iPad = "UIInterfaceOrientationPortrait UIInterfaceOrientationPortraitUpsideDown UIInterfaceOrientationLandscapeLeft UIInterfaceOrientationLandscapeRight";
				INFOPLIST_KEY_UISupportedInterfaceOrientations_iPhone = "UIInterfaceOrientationPortrait UIInterfaceOrientationLandscapeLeft UIInterfaceOrientationLandscapeRight";
				LD_RUNPATH_SEARCH_PATHS = (
					"$(inherited)",
					"@executable_path/Frameworks",
				);
				MARKETING_VERSION = 1.0;
				PRODUCT_BUNDLE_IDENTIFIER = cis.gvsu.CheckList;
				PRODUCT_NAME = "$(TARGET_NAME)";
				SWIFT_EMIT_LOC_STRINGS = YES;
				SWIFT_VERSION = 5.0;
				TARGETED_DEVICE_FAMILY = "1,2";
			};
			name = Debug;
		};
		B8D2005D29F780220074410F /* Release */ = {
			isa = XCBuildConfiguration;
			buildSettings = {
				ASSETCATALOG_COMPILER_APPICON_NAME = AppIcon;
				ASSETCATALOG_COMPILER_GLOBAL_ACCENT_COLOR_NAME = AccentColor;
				CODE_SIGN_STYLE = Automatic;
				CURRENT_PROJECT_VERSION = 1;
				DEVELOPMENT_ASSET_PATHS = "\"CheckList/Preview Content\"";
				ENABLE_PREVIEWS = YES;
				GENERATE_INFOPLIST_FILE = YES;
				INFOPLIST_KEY_UIApplicationSceneManifest_Generation = YES;
				INFOPLIST_KEY_UIApplicationSupportsIndirectInputEvents = YES;
				INFOPLIST_KEY_UILaunchScreen_Generation = YES;
				INFOPLIST_KEY_UISupportedInterfaceOrientations_iPad = "UIInterfaceOrientationPortrait UIInterfaceOrientationPortraitUpsideDown UIInterfaceOrientationLandscapeLeft UIInterfaceOrientationLandscapeRight";
				INFOPLIST_KEY_UISupportedInterfaceOrientations_iPhone = "UIInterfaceOrientationPortrait UIInterfaceOrientationLandscapeLeft UIInterfaceOrientationLandscapeRight";
				LD_RUNPATH_SEARCH_PATHS = (
					"$(inherited)",
					"@executable_path/Frameworks",
				);
				MARKETING_VERSION = 1.0;
				PRODUCT_BUNDLE_IDENTIFIER = cis.gvsu.CheckList;
				PRODUCT_NAME = "$(TARGET_NAME)";
				SWIFT_EMIT_LOC_STRINGS = YES;
				SWIFT_VERSION = 5.0;
				TARGETED_DEVICE_FAMILY = "1,2";
			};
			name = Release;
		};
		B8D2005F29F780220074410F /* Debug */ = {
			isa = XCBuildConfiguration;
			buildSettings = {
				ALWAYS_EMBED_SWIFT_STANDARD_LIBRARIES = YES;
				BUNDLE_LOADER = "$(TEST_HOST)";
				CODE_SIGN_STYLE = Automatic;
				CURRENT_PROJECT_VERSION = 1;
				GENERATE_INFOPLIST_FILE = YES;
				IPHONEOS_DEPLOYMENT_TARGET = 16.2;
				MARKETING_VERSION = 1.0;
				PRODUCT_BUNDLE_IDENTIFIER = cis.gvsu.ToDoListTests;
				PRODUCT_NAME = "$(TARGET_NAME)";
				SWIFT_EMIT_LOC_STRINGS = NO;
				SWIFT_VERSION = 5.0;
				TARGETED_DEVICE_FAMILY = "1,2";
				TEST_HOST = "$(BUILT_PRODUCTS_DIR)/CheckList.app/$(BUNDLE_EXECUTABLE_FOLDER_PATH)/CheckList";
			};
			name = Debug;
		};
		B8D2006029F780220074410F /* Release */ = {
			isa = XCBuildConfiguration;
			buildSettings = {
				ALWAYS_EMBED_SWIFT_STANDARD_LIBRARIES = YES;
				BUNDLE_LOADER = "$(TEST_HOST)";
				CODE_SIGN_STYLE = Automatic;
				CURRENT_PROJECT_VERSION = 1;
				GENERATE_INFOPLIST_FILE = YES;
				IPHONEOS_DEPLOYMENT_TARGET = 16.2;
				MARKETING_VERSION = 1.0;
				PRODUCT_BUNDLE_IDENTIFIER = cis.gvsu.ToDoListTests;
				PRODUCT_NAME = "$(TARGET_NAME)";
				SWIFT_EMIT_LOC_STRINGS = NO;
				SWIFT_VERSION = 5.0;
				TARGETED_DEVICE_FAMILY = "1,2";
				TEST_HOST = "$(BUILT_PRODUCTS_DIR)/CheckList.app/$(BUNDLE_EXECUTABLE_FOLDER_PATH)/CheckList";
			};
			name = Release;
		};
		B8D2006229F780220074410F /* Debug */ = {
			isa = XCBuildConfiguration;
			buildSettings = {
				ALWAYS_EMBED_SWIFT_STANDARD_LIBRARIES = YES;
				CODE_SIGN_STYLE = Automatic;
				CURRENT_PROJECT_VERSION = 1;
				GENERATE_INFOPLIST_FILE = YES;
				MARKETING_VERSION = 1.0;
				PRODUCT_BUNDLE_IDENTIFIER = cis.gvsu.ToDoListUITests;
				PRODUCT_NAME = "$(TARGET_NAME)";
				SWIFT_EMIT_LOC_STRINGS = NO;
				SWIFT_VERSION = 5.0;
				TARGETED_DEVICE_FAMILY = "1,2";
				TEST_TARGET_NAME = ToDoList;
			};
			name = Debug;
		};
		B8D2006329F780220074410F /* Release */ = {
			isa = XCBuildConfiguration;
			buildSettings = {
				ALWAYS_EMBED_SWIFT_STANDARD_LIBRARIES = YES;
				CODE_SIGN_STYLE = Automatic;
				CURRENT_PROJECT_VERSION = 1;
				GENERATE_INFOPLIST_FILE = YES;
				MARKETING_VERSION = 1.0;
				PRODUCT_BUNDLE_IDENTIFIER = cis.gvsu.ToDoListUITests;
				PRODUCT_NAME = "$(TARGET_NAME)";
				SWIFT_EMIT_LOC_STRINGS = NO;
				SWIFT_VERSION = 5.0;
				TARGETED_DEVICE_FAMILY = "1,2";
				TEST_TARGET_NAME = ToDoList;
			};
			name = Release;
		};
/* End XCBuildConfiguration section */

/* Begin XCConfigurationList section */
		B8D2003229F7801F0074410F /* Build configuration list for PBXProject "CheckList" */ = {
			isa = XCConfigurationList;
			buildConfigurations = (
				B8D2005929F780220074410F /* Debug */,
				B8D2005A29F780220074410F /* Release */,
			);
			defaultConfigurationIsVisible = 0;
			defaultConfigurationName = Release;
		};
		B8D2005B29F780220074410F /* Build configuration list for PBXNativeTarget "CheckList" */ = {
			isa = XCConfigurationList;
			buildConfigurations = (
				B8D2005C29F780220074410F /* Debug */,
				B8D2005D29F780220074410F /* Release */,
			);
			defaultConfigurationIsVisible = 0;
			defaultConfigurationName = Release;
		};
		B8D2005E29F780220074410F /* Build configuration list for PBXNativeTarget "CheckListTests" */ = {
			isa = XCConfigurationList;
			buildConfigurations = (
				B8D2005F29F780220074410F /* Debug */,
				B8D2006029F780220074410F /* Release */,
			);
			defaultConfigurationIsVisible = 0;
			defaultConfigurationName = Release;
		};
		B8D2006129F780220074410F /* Build configuration list for PBXNativeTarget "CheckListUITests" */ = {
			isa = XCConfigurationList;
			buildConfigurations = (
				B8D2006229F780220074410F /* Debug */,
				B8D2006329F780220074410F /* Release */,
			);
			defaultConfigurationIsVisible = 0;
			defaultConfigurationName = Release;
		};
/* End XCConfigurationList section */
	};
	rootObject = B8D2002F29F7801F0074410F /* Project object */;
}
